// !$*UTF8*$!
{
	archiveVersion = 1;
	classes = {
	};
	objectVersion = 53;
	objects = {

/* Begin PBXBuildFile section */
		911CDA9D252333BC00EB79D9 /* Formula1-Bold.ttf in Resources */ = {isa = PBXBuildFile; fileRef = 911CDA99252333BC00EB79D9 /* Formula1-Bold.ttf */; };
		911CDA9E252333BC00EB79D9 /* Formula1-Wide.ttf in Resources */ = {isa = PBXBuildFile; fileRef = 911CDA9A252333BC00EB79D9 /* Formula1-Wide.ttf */; };
		911CDA9F252333BC00EB79D9 /* Formula1-Black.ttf in Resources */ = {isa = PBXBuildFile; fileRef = 911CDA9B252333BC00EB79D9 /* Formula1-Black.ttf */; };
		911CDAA0252333BC00EB79D9 /* Formula1-Regular.ttf in Resources */ = {isa = PBXBuildFile; fileRef = 911CDA9C252333BC00EB79D9 /* Formula1-Regular.ttf */; };
		911CDAA2252337F700EB79D9 /* UIFont.swift in Sources */ = {isa = PBXBuildFile; fileRef = 911CDAA1252337F600EB79D9 /* UIFont.swift */; };
		911FB2A02510FAA500DEE772 /* NetworkService.swift in Sources */ = {isa = PBXBuildFile; fileRef = 911FB29F2510FAA500DEE772 /* NetworkService.swift */; };
		911FB2A4251240A600DEE772 /* FirstTableViewController.swift in Sources */ = {isa = PBXBuildFile; fileRef = 911FB2A3251240A600DEE772 /* FirstTableViewController.swift */; };
		911FB2A625125C2200DEE772 /* DetailDriverInfoViewController.swift in Sources */ = {isa = PBXBuildFile; fileRef = 911FB2A525125C2200DEE772 /* DetailDriverInfoViewController.swift */; };
		911FB2A8251266CD00DEE772 /* SecondTableViewController.swift in Sources */ = {isa = PBXBuildFile; fileRef = 911FB2A7251266CD00DEE772 /* SecondTableViewController.swift */; };
		911FB2AA25126B2A00DEE772 /* TeamsModel.swift in Sources */ = {isa = PBXBuildFile; fileRef = 911FB2A925126B2A00DEE772 /* TeamsModel.swift */; };
		911FB2AC25126E2100DEE772 /* TeamsNetworkService.swift in Sources */ = {isa = PBXBuildFile; fileRef = 911FB2AB25126E2100DEE772 /* TeamsNetworkService.swift */; };
		911FB2B22517D66900DEE772 /* CircuitModel.swift in Sources */ = {isa = PBXBuildFile; fileRef = 911FB2B12517D66900DEE772 /* CircuitModel.swift */; };
		9126C72B252B260A00ED0D5D /* TeamsTableViewCell.swift in Sources */ = {isa = PBXBuildFile; fileRef = 9126C72A252B260A00ED0D5D /* TeamsTableViewCell.swift */; };
		912E91E8250A2E9C0078AACB /* AppDelegate.swift in Sources */ = {isa = PBXBuildFile; fileRef = 912E91E7250A2E9C0078AACB /* AppDelegate.swift */; };
		912E91EA250A2E9C0078AACB /* SceneDelegate.swift in Sources */ = {isa = PBXBuildFile; fileRef = 912E91E9250A2E9C0078AACB /* SceneDelegate.swift */; };
		912E91EC250A2E9C0078AACB /* FirstViewController.swift in Sources */ = {isa = PBXBuildFile; fileRef = 912E91EB250A2E9C0078AACB /* FirstViewController.swift */; };
		912E91EE250A2E9C0078AACB /* SecondViewController.swift in Sources */ = {isa = PBXBuildFile; fileRef = 912E91ED250A2E9C0078AACB /* SecondViewController.swift */; };
		912E91F1250A2E9C0078AACB /* Main.storyboard in Resources */ = {isa = PBXBuildFile; fileRef = 912E91EF250A2E9C0078AACB /* Main.storyboard */; };
		912E91F6250A2E9E0078AACB /* Assets.xcassets in Resources */ = {isa = PBXBuildFile; fileRef = 912E91F5250A2E9E0078AACB /* Assets.xcassets */; };
		912E91F9250A2E9E0078AACB /* LaunchScreen.storyboard in Resources */ = {isa = PBXBuildFile; fileRef = 912E91F7250A2E9E0078AACB /* LaunchScreen.storyboard */; };
		912E9201250A2FE30078AACB /* DriversViewController.swift in Sources */ = {isa = PBXBuildFile; fileRef = 912E9200250A2FE30078AACB /* DriversViewController.swift */; };
		914E4BBE252E73510013D144 /* CircuitsTableViewCell.swift in Sources */ = {isa = PBXBuildFile; fileRef = 914E4BBD252E73510013D144 /* CircuitsTableViewCell.swift */; };
		9158D3E02517DE860091D2A2 /* CircuitsNetworkService.swift in Sources */ = {isa = PBXBuildFile; fileRef = 9158D3DF2517DE860091D2A2 /* CircuitsNetworkService.swift */; };
		916A4FFC25330C7C00EC0FDA /* DriverTableViewCell.swift in Sources */ = {isa = PBXBuildFile; fileRef = 916A4FFB25330C7C00EC0FDA /* DriverTableViewCell.swift */; };
		916A4FFE25336CC700EC0FDA /* DetailCircuitViewController.swift in Sources */ = {isa = PBXBuildFile; fileRef = 916A4FFD25336CC600EC0FDA /* DetailCircuitViewController.swift */; };
		91888452252E22ED00B2CEFA /* DataModel.xcdatamodeld in Sources */ = {isa = PBXBuildFile; fileRef = 91888450252E22ED00B2CEFA /* DataModel.xcdatamodeld */; };
		918DB4402518B85F00341DFA /* CircuitsTableViewController.swift in Sources */ = {isa = PBXBuildFile; fileRef = 918DB43F2518B85F00341DFA /* CircuitsTableViewController.swift */; };
		91A363BE2518FB7200B739D8 /* StatsViewController.swift in Sources */ = {isa = PBXBuildFile; fileRef = 91A363BD2518FB7200B739D8 /* StatsViewController.swift */; };
		91EF053E250BFC4F007F12E1 /* JsonInfo.swift in Sources */ = {isa = PBXBuildFile; fileRef = 91EF053D250BFC4F007F12E1 /* JsonInfo.swift */; };
		91FC3FB6251A1387003FBF97 /* ResultsNetworkService.swift in Sources */ = {isa = PBXBuildFile; fileRef = 91FC3FB5251A1387003FBF97 /* ResultsNetworkService.swift */; };
		91FC3FB8251A13CE003FBF97 /* ResultsModel.swift in Sources */ = {isa = PBXBuildFile; fileRef = 91FC3FB7251A13CE003FBF97 /* ResultsModel.swift */; };
		B4B358BC2DF4F49217054645 /* Pods_AutosportInfo.framework in Frameworks */ = {isa = PBXBuildFile; fileRef = 8B8607315C261122BF380BD9 /* Pods_AutosportInfo.framework */; };
/* End PBXBuildFile section */

/* Begin PBXCopyFilesBuildPhase section */
		91DC86C6251E3D0000A673F2 /* Embed Frameworks */ = {
			isa = PBXCopyFilesBuildPhase;
			buildActionMask = 2147483647;
			dstPath = "";
			dstSubfolderSpec = 10;
			files = (
			);
			name = "Embed Frameworks";
			runOnlyForDeploymentPostprocessing = 0;
		};
/* End PBXCopyFilesBuildPhase section */

/* Begin PBXFileReference section */
		8B8607315C261122BF380BD9 /* Pods_AutosportInfo.framework */ = {isa = PBXFileReference; explicitFileType = wrapper.framework; includeInIndex = 0; path = Pods_AutosportInfo.framework; sourceTree = BUILT_PRODUCTS_DIR; };
		91068085252DDC1D0010FE75 /* ru */ = {isa = PBXFileReference; lastKnownFileType = text.plist.strings; name = ru; path = ru.lproj/Main.strings; sourceTree = "<group>"; };
		911CDA99252333BC00EB79D9 /* Formula1-Bold.ttf */ = {isa = PBXFileReference; lastKnownFileType = file; path = "Formula1-Bold.ttf"; sourceTree = "<group>"; };
		911CDA9A252333BC00EB79D9 /* Formula1-Wide.ttf */ = {isa = PBXFileReference; lastKnownFileType = file; path = "Formula1-Wide.ttf"; sourceTree = "<group>"; };
		911CDA9B252333BC00EB79D9 /* Formula1-Black.ttf */ = {isa = PBXFileReference; lastKnownFileType = file; path = "Formula1-Black.ttf"; sourceTree = "<group>"; };
		911CDA9C252333BC00EB79D9 /* Formula1-Regular.ttf */ = {isa = PBXFileReference; lastKnownFileType = file; path = "Formula1-Regular.ttf"; sourceTree = "<group>"; };
		911CDAA1252337F600EB79D9 /* UIFont.swift */ = {isa = PBXFileReference; fileEncoding = 4; lastKnownFileType = sourcecode.swift; path = UIFont.swift; sourceTree = "<group>"; };
		911FB29F2510FAA500DEE772 /* NetworkService.swift */ = {isa = PBXFileReference; lastKnownFileType = sourcecode.swift; path = NetworkService.swift; sourceTree = "<group>"; };
		911FB2A3251240A600DEE772 /* FirstTableViewController.swift */ = {isa = PBXFileReference; lastKnownFileType = sourcecode.swift; path = FirstTableViewController.swift; sourceTree = "<group>"; };
		911FB2A525125C2200DEE772 /* DetailDriverInfoViewController.swift */ = {isa = PBXFileReference; lastKnownFileType = sourcecode.swift; path = DetailDriverInfoViewController.swift; sourceTree = "<group>"; usesTabs = 0; };
		911FB2A7251266CD00DEE772 /* SecondTableViewController.swift */ = {isa = PBXFileReference; lastKnownFileType = sourcecode.swift; path = SecondTableViewController.swift; sourceTree = "<group>"; };
		911FB2A925126B2A00DEE772 /* TeamsModel.swift */ = {isa = PBXFileReference; lastKnownFileType = sourcecode.swift; path = TeamsModel.swift; sourceTree = "<group>"; };
		911FB2AB25126E2100DEE772 /* TeamsNetworkService.swift */ = {isa = PBXFileReference; lastKnownFileType = sourcecode.swift; path = TeamsNetworkService.swift; sourceTree = "<group>"; };
		911FB2B12517D66900DEE772 /* CircuitModel.swift */ = {isa = PBXFileReference; lastKnownFileType = sourcecode.swift; path = CircuitModel.swift; sourceTree = "<group>"; };
		9126C72A252B260A00ED0D5D /* TeamsTableViewCell.swift */ = {isa = PBXFileReference; lastKnownFileType = sourcecode.swift; path = TeamsTableViewCell.swift; sourceTree = "<group>"; };
		912E91E4250A2E9C0078AACB /* AutosportInfo.app */ = {isa = PBXFileReference; explicitFileType = wrapper.application; includeInIndex = 0; path = AutosportInfo.app; sourceTree = BUILT_PRODUCTS_DIR; };
		912E91E7250A2E9C0078AACB /* AppDelegate.swift */ = {isa = PBXFileReference; lastKnownFileType = sourcecode.swift; path = AppDelegate.swift; sourceTree = "<group>"; };
		912E91E9250A2E9C0078AACB /* SceneDelegate.swift */ = {isa = PBXFileReference; lastKnownFileType = sourcecode.swift; path = SceneDelegate.swift; sourceTree = "<group>"; };
		912E91EB250A2E9C0078AACB /* FirstViewController.swift */ = {isa = PBXFileReference; lastKnownFileType = sourcecode.swift; path = FirstViewController.swift; sourceTree = "<group>"; };
		912E91ED250A2E9C0078AACB /* SecondViewController.swift */ = {isa = PBXFileReference; lastKnownFileType = sourcecode.swift; path = SecondViewController.swift; sourceTree = "<group>"; };
		912E91F0250A2E9C0078AACB /* Base */ = {isa = PBXFileReference; lastKnownFileType = file.storyboard; name = Base; path = Base.lproj/Main.storyboard; sourceTree = "<group>"; };
		912E91F5250A2E9E0078AACB /* Assets.xcassets */ = {isa = PBXFileReference; lastKnownFileType = folder.assetcatalog; path = Assets.xcassets; sourceTree = "<group>"; };
		912E91F8250A2E9E0078AACB /* Base */ = {isa = PBXFileReference; lastKnownFileType = file.storyboard; name = Base; path = Base.lproj/LaunchScreen.storyboard; sourceTree = "<group>"; };
		912E91FA250A2E9E0078AACB /* Info.plist */ = {isa = PBXFileReference; lastKnownFileType = text.plist.xml; path = Info.plist; sourceTree = "<group>"; };
		912E9200250A2FE30078AACB /* DriversViewController.swift */ = {isa = PBXFileReference; fileEncoding = 4; lastKnownFileType = sourcecode.swift; path = DriversViewController.swift; sourceTree = "<group>"; };
		914E4BBD252E73510013D144 /* CircuitsTableViewCell.swift */ = {isa = PBXFileReference; lastKnownFileType = sourcecode.swift; path = CircuitsTableViewCell.swift; sourceTree = "<group>"; };
		9158D3DF2517DE860091D2A2 /* CircuitsNetworkService.swift */ = {isa = PBXFileReference; lastKnownFileType = sourcecode.swift; path = CircuitsNetworkService.swift; sourceTree = "<group>"; };
		916A4FFB25330C7C00EC0FDA /* DriverTableViewCell.swift */ = {isa = PBXFileReference; lastKnownFileType = sourcecode.swift; path = DriverTableViewCell.swift; sourceTree = "<group>"; };
		916A4FFD25336CC600EC0FDA /* DetailCircuitViewController.swift */ = {isa = PBXFileReference; lastKnownFileType = sourcecode.swift; path = DetailCircuitViewController.swift; sourceTree = "<group>"; };
		91888451252E22ED00B2CEFA /* DataModel.xcdatamodel */ = {isa = PBXFileReference; lastKnownFileType = wrapper.xcdatamodel; path = DataModel.xcdatamodel; sourceTree = "<group>"; };
		918DB43F2518B85F00341DFA /* CircuitsTableViewController.swift */ = {isa = PBXFileReference; lastKnownFileType = sourcecode.swift; path = CircuitsTableViewController.swift; sourceTree = "<group>"; };
		91A363BD2518FB7200B739D8 /* StatsViewController.swift */ = {isa = PBXFileReference; lastKnownFileType = sourcecode.swift; path = StatsViewController.swift; sourceTree = "<group>"; };
		91EF053D250BFC4F007F12E1 /* JsonInfo.swift */ = {isa = PBXFileReference; lastKnownFileType = sourcecode.swift; path = JsonInfo.swift; sourceTree = "<group>"; };
		91FC3FB5251A1387003FBF97 /* ResultsNetworkService.swift */ = {isa = PBXFileReference; lastKnownFileType = sourcecode.swift; path = ResultsNetworkService.swift; sourceTree = "<group>"; };
		91FC3FB7251A13CE003FBF97 /* ResultsModel.swift */ = {isa = PBXFileReference; lastKnownFileType = sourcecode.swift; path = ResultsModel.swift; sourceTree = "<group>"; };
		E6F85E4C0A66618869C8E75F /* Pods-AutosportInfo.release.xcconfig */ = {isa = PBXFileReference; includeInIndex = 1; lastKnownFileType = text.xcconfig; name = "Pods-AutosportInfo.release.xcconfig"; path = "Target Support Files/Pods-AutosportInfo/Pods-AutosportInfo.release.xcconfig"; sourceTree = "<group>"; };
		FEBAF6C7CF1B6756F0B673D3 /* Pods-AutosportInfo.debug.xcconfig */ = {isa = PBXFileReference; includeInIndex = 1; lastKnownFileType = text.xcconfig; name = "Pods-AutosportInfo.debug.xcconfig"; path = "Target Support Files/Pods-AutosportInfo/Pods-AutosportInfo.debug.xcconfig"; sourceTree = "<group>"; };
/* End PBXFileReference section */

/* Begin PBXFrameworksBuildPhase section */
		912E91E1250A2E9C0078AACB /* Frameworks */ = {
			isa = PBXFrameworksBuildPhase;
			buildActionMask = 2147483647;
			files = (
				B4B358BC2DF4F49217054645 /* Pods_AutosportInfo.framework in Frameworks */,
			);
			runOnlyForDeploymentPostprocessing = 0;
		};
/* End PBXFrameworksBuildPhase section */

/* Begin PBXGroup section */
		0F7DD509F69390B96E2F765C /* Pods */ = {
			isa = PBXGroup;
			children = (
				FEBAF6C7CF1B6756F0B673D3 /* Pods-AutosportInfo.debug.xcconfig */,
				E6F85E4C0A66618869C8E75F /* Pods-AutosportInfo.release.xcconfig */,
			);
			path = Pods;
			sourceTree = "<group>";
		};
		682C3EA5A045189A0A4C2DDD /* Frameworks */ = {
			isa = PBXGroup;
			children = (
				8B8607315C261122BF380BD9 /* Pods_AutosportInfo.framework */,
			);
			name = Frameworks;
			sourceTree = "<group>";
		};
		9104F840250A746600BD797D /* Models */ = {
			isa = PBXGroup;
			children = (
				91EF053D250BFC4F007F12E1 /* JsonInfo.swift */,
				911FB2A925126B2A00DEE772 /* TeamsModel.swift */,
				911FB2B12517D66900DEE772 /* CircuitModel.swift */,
				91FC3FB7251A13CE003FBF97 /* ResultsModel.swift */,
			);
			path = Models;
			sourceTree = "<group>";
		};
		911CDA98252333BC00EB79D9 /* Fonts */ = {
			isa = PBXGroup;
			children = (
				911CDAA1252337F600EB79D9 /* UIFont.swift */,
				911CDA99252333BC00EB79D9 /* Formula1-Bold.ttf */,
				911CDA9A252333BC00EB79D9 /* Formula1-Wide.ttf */,
				911CDA9B252333BC00EB79D9 /* Formula1-Black.ttf */,
				911CDA9C252333BC00EB79D9 /* Formula1-Regular.ttf */,
			);
			path = Fonts;
			sourceTree = "<group>";
		};
		911FB2A2251105E000DEE772 /* Networking */ = {
			isa = PBXGroup;
			children = (
				911FB29F2510FAA500DEE772 /* NetworkService.swift */,
				911FB2AB25126E2100DEE772 /* TeamsNetworkService.swift */,
				9158D3DF2517DE860091D2A2 /* CircuitsNetworkService.swift */,
				91FC3FB5251A1387003FBF97 /* ResultsNetworkService.swift */,
			);
			path = Networking;
			sourceTree = "<group>";
		};
		912E91DB250A2E9C0078AACB = {
			isa = PBXGroup;
			children = (
				912E91E6250A2E9C0078AACB /* AutosportInfo */,
				912E91E5250A2E9C0078AACB /* Products */,
				0F7DD509F69390B96E2F765C /* Pods */,
				682C3EA5A045189A0A4C2DDD /* Frameworks */,
			);
			sourceTree = "<group>";
		};
		912E91E5250A2E9C0078AACB /* Products */ = {
			isa = PBXGroup;
			children = (
				912E91E4250A2E9C0078AACB /* AutosportInfo.app */,
			);
			name = Products;
			sourceTree = "<group>";
		};
		912E91E6250A2E9C0078AACB /* AutosportInfo */ = {
			isa = PBXGroup;
			children = (
				912E91E7250A2E9C0078AACB /* AppDelegate.swift */,
				912E91E9250A2E9C0078AACB /* SceneDelegate.swift */,
				912E91EB250A2E9C0078AACB /* FirstViewController.swift */,
				912E91ED250A2E9C0078AACB /* SecondViewController.swift */,
				911FB2A3251240A600DEE772 /* FirstTableViewController.swift */,
				916A4FFB25330C7C00EC0FDA /* DriverTableViewCell.swift */,
				911FB2A7251266CD00DEE772 /* SecondTableViewController.swift */,
				9126C72A252B260A00ED0D5D /* TeamsTableViewCell.swift */,
				912E9200250A2FE30078AACB /* DriversViewController.swift */,
				911FB2A525125C2200DEE772 /* DetailDriverInfoViewController.swift */,
				918DB43F2518B85F00341DFA /* CircuitsTableViewController.swift */,
				914E4BBD252E73510013D144 /* CircuitsTableViewCell.swift */,
				916A4FFD25336CC600EC0FDA /* DetailCircuitViewController.swift */,
				91A363BD2518FB7200B739D8 /* StatsViewController.swift */,
				912E91EF250A2E9C0078AACB /* Main.storyboard */,
				912E91F5250A2E9E0078AACB /* Assets.xcassets */,
				912E91F7250A2E9E0078AACB /* LaunchScreen.storyboard */,
				912E91FA250A2E9E0078AACB /* Info.plist */,
				9104F840250A746600BD797D /* Models */,
				911FB2A2251105E000DEE772 /* Networking */,
				911CDA98252333BC00EB79D9 /* Fonts */,
				91888450252E22ED00B2CEFA /* DataModel.xcdatamodeld */,
			);
			path = AutosportInfo;
			sourceTree = "<group>";
		};
/* End PBXGroup section */

/* Begin PBXNativeTarget section */
		912E91E3250A2E9C0078AACB /* AutosportInfo */ = {
			isa = PBXNativeTarget;
			buildConfigurationList = 912E91FD250A2E9E0078AACB /* Build configuration list for PBXNativeTarget "AutosportInfo" */;
			buildPhases = (
				F4E6636E9606B8E003242F8F /* [CP] Check Pods Manifest.lock */,
				912E91E0250A2E9C0078AACB /* Sources */,
				912E91E1250A2E9C0078AACB /* Frameworks */,
				912E91E2250A2E9C0078AACB /* Resources */,
				0021680CA35E436AD1C0FF3F /* [CP] Embed Pods Frameworks */,
				91DC86C6251E3D0000A673F2 /* Embed Frameworks */,
			);
			buildRules = (
			);
			dependencies = (
			);
			name = AutosportInfo;
			productName = AutosportInfo;
			productReference = 912E91E4250A2E9C0078AACB /* AutosportInfo.app */;
			productType = "com.apple.product-type.application";
		};
/* End PBXNativeTarget section */

/* Begin PBXProject section */
		912E91DC250A2E9C0078AACB /* Project object */ = {
			isa = PBXProject;
			attributes = {
				LastSwiftUpdateCheck = 1160;
				LastUpgradeCheck = 1200;
				ORGANIZATIONNAME = "Egor Salnikov";
				TargetAttributes = {
					912E91E3250A2E9C0078AACB = {
						CreatedOnToolsVersion = 11.6;
					};
				};
			};
			buildConfigurationList = 912E91DF250A2E9C0078AACB /* Build configuration list for PBXProject "AutosportInfo" */;
			compatibilityVersion = "Xcode 11.4";
			developmentRegion = en;
			hasScannedForEncodings = 0;
			knownRegions = (
				en,
				Base,
				ru,
			);
			mainGroup = 912E91DB250A2E9C0078AACB;
			productRefGroup = 912E91E5250A2E9C0078AACB /* Products */;
			projectDirPath = "";
			projectRoot = "";
			targets = (
				912E91E3250A2E9C0078AACB /* AutosportInfo */,
			);
		};
/* End PBXProject section */

/* Begin PBXResourcesBuildPhase section */
		912E91E2250A2E9C0078AACB /* Resources */ = {
			isa = PBXResourcesBuildPhase;
			buildActionMask = 2147483647;
			files = (
				912E91F9250A2E9E0078AACB /* LaunchScreen.storyboard in Resources */,
				911CDAA0252333BC00EB79D9 /* Formula1-Regular.ttf in Resources */,
				911CDA9F252333BC00EB79D9 /* Formula1-Black.ttf in Resources */,
				912E91F6250A2E9E0078AACB /* Assets.xcassets in Resources */,
				911CDA9D252333BC00EB79D9 /* Formula1-Bold.ttf in Resources */,
				912E91F1250A2E9C0078AACB /* Main.storyboard in Resources */,
				911CDA9E252333BC00EB79D9 /* Formula1-Wide.ttf in Resources */,
			);
			runOnlyForDeploymentPostprocessing = 0;
		};
/* End PBXResourcesBuildPhase section */

/* Begin PBXShellScriptBuildPhase section */
		0021680CA35E436AD1C0FF3F /* [CP] Embed Pods Frameworks */ = {
			isa = PBXShellScriptBuildPhase;
			buildActionMask = 2147483647;
			files = (
			);
			inputFileListPaths = (
				"${PODS_ROOT}/Target Support Files/Pods-AutosportInfo/Pods-AutosportInfo-frameworks-${CONFIGURATION}-input-files.xcfilelist",
			);
			name = "[CP] Embed Pods Frameworks";
			outputFileListPaths = (
				"${PODS_ROOT}/Target Support Files/Pods-AutosportInfo/Pods-AutosportInfo-frameworks-${CONFIGURATION}-output-files.xcfilelist",
			);
			runOnlyForDeploymentPostprocessing = 0;
			shellPath = /bin/sh;
			shellScript = "\"${PODS_ROOT}/Target Support Files/Pods-AutosportInfo/Pods-AutosportInfo-frameworks.sh\"\n";
			showEnvVarsInLog = 0;
		};
		F4E6636E9606B8E003242F8F /* [CP] Check Pods Manifest.lock */ = {
			isa = PBXShellScriptBuildPhase;
			buildActionMask = 2147483647;
			files = (
			);
			inputFileListPaths = (
			);
			inputPaths = (
				"${PODS_PODFILE_DIR_PATH}/Podfile.lock",
				"${PODS_ROOT}/Manifest.lock",
			);
			name = "[CP] Check Pods Manifest.lock";
			outputFileListPaths = (
			);
			outputPaths = (
				"$(DERIVED_FILE_DIR)/Pods-AutosportInfo-checkManifestLockResult.txt",
			);
			runOnlyForDeploymentPostprocessing = 0;
			shellPath = /bin/sh;
			shellScript = "diff \"${PODS_PODFILE_DIR_PATH}/Podfile.lock\" \"${PODS_ROOT}/Manifest.lock\" > /dev/null\nif [ $? != 0 ] ; then\n    # print error to STDERR\n    echo \"error: The sandbox is not in sync with the Podfile.lock. Run 'pod install' or update your CocoaPods installation.\" >&2\n    exit 1\nfi\n# This output is used by Xcode 'outputs' to avoid re-running this script phase.\necho \"SUCCESS\" > \"${SCRIPT_OUTPUT_FILE_0}\"\n";
			showEnvVarsInLog = 0;
		};
/* End PBXShellScriptBuildPhase section */

/* Begin PBXSourcesBuildPhase section */
		912E91E0250A2E9C0078AACB /* Sources */ = {
			isa = PBXSourcesBuildPhase;
			buildActionMask = 2147483647;
			files = (
				91FC3FB8251A13CE003FBF97 /* ResultsModel.swift in Sources */,
				911FB2B22517D66900DEE772 /* CircuitModel.swift in Sources */,
				918DB4402518B85F00341DFA /* CircuitsTableViewController.swift in Sources */,
				916A4FFE25336CC700EC0FDA /* DetailCircuitViewController.swift in Sources */,
				91888452252E22ED00B2CEFA /* DataModel.xcdatamodeld in Sources */,
				912E91EE250A2E9C0078AACB /* SecondViewController.swift in Sources */,
				912E91EC250A2E9C0078AACB /* FirstViewController.swift in Sources */,
				911CDAA2252337F700EB79D9 /* UIFont.swift in Sources */,
				911FB2AA25126B2A00DEE772 /* TeamsModel.swift in Sources */,
				911FB2AC25126E2100DEE772 /* TeamsNetworkService.swift in Sources */,
				911FB2A4251240A600DEE772 /* FirstTableViewController.swift in Sources */,
				914E4BBE252E73510013D144 /* CircuitsTableViewCell.swift in Sources */,
				9158D3E02517DE860091D2A2 /* CircuitsNetworkService.swift in Sources */,
				912E9201250A2FE30078AACB /* DriversViewController.swift in Sources */,
				912E91E8250A2E9C0078AACB /* AppDelegate.swift in Sources */,
				91A363BE2518FB7200B739D8 /* StatsViewController.swift in Sources */,
				911FB2A02510FAA500DEE772 /* NetworkService.swift in Sources */,
				9126C72B252B260A00ED0D5D /* TeamsTableViewCell.swift in Sources */,
				911FB2A625125C2200DEE772 /* DetailDriverInfoViewController.swift in Sources */,
				916A4FFC25330C7C00EC0FDA /* DriverTableViewCell.swift in Sources */,
				912E91EA250A2E9C0078AACB /* SceneDelegate.swift in Sources */,
				91FC3FB6251A1387003FBF97 /* ResultsNetworkService.swift in Sources */,
				911FB2A8251266CD00DEE772 /* SecondTableViewController.swift in Sources */,
				91EF053E250BFC4F007F12E1 /* JsonInfo.swift in Sources */,
			);
			runOnlyForDeploymentPostprocessing = 0;
		};
/* End PBXSourcesBuildPhase section */

/* Begin PBXVariantGroup section */
		912E91EF250A2E9C0078AACB /* Main.storyboard */ = {
			isa = PBXVariantGroup;
			children = (
				912E91F0250A2E9C0078AACB /* Base */,
				91068085252DDC1D0010FE75 /* ru */,
			);
			name = Main.storyboard;
			sourceTree = "<group>";
		};
		912E91F7250A2E9E0078AACB /* LaunchScreen.storyboard */ = {
			isa = PBXVariantGroup;
			children = (
				912E91F8250A2E9E0078AACB /* Base */,
			);
			name = LaunchScreen.storyboard;
			sourceTree = "<group>";
		};
/* End PBXVariantGroup section */

/* Begin XCBuildConfiguration section */
		912E91FB250A2E9E0078AACB /* Debug */ = {
			isa = XCBuildConfiguration;
			buildSettings = {
				ALWAYS_SEARCH_USER_PATHS = NO;
				CLANG_ANALYZER_LOCALIZABILITY_NONLOCALIZED = YES;
				CLANG_ANALYZER_NONNULL = YES;
				CLANG_ANALYZER_NUMBER_OBJECT_CONVERSION = YES_AGGRESSIVE;
				CLANG_CXX_LANGUAGE_STANDARD = "gnu++14";
				CLANG_CXX_LIBRARY = "libc++";
				CLANG_ENABLE_MODULES = YES;
				CLANG_ENABLE_OBJC_ARC = YES;
				CLANG_ENABLE_OBJC_WEAK = YES;
				CLANG_WARN_BLOCK_CAPTURE_AUTORELEASING = YES;
				CLANG_WARN_BOOL_CONVERSION = YES;
				CLANG_WARN_COMMA = YES;
				CLANG_WARN_CONSTANT_CONVERSION = YES;
				CLANG_WARN_DEPRECATED_OBJC_IMPLEMENTATIONS = YES;
				CLANG_WARN_DIRECT_OBJC_ISA_USAGE = YES_ERROR;
				CLANG_WARN_DOCUMENTATION_COMMENTS = YES;
				CLANG_WARN_EMPTY_BODY = YES;
				CLANG_WARN_ENUM_CONVERSION = YES;
				CLANG_WARN_INFINITE_RECURSION = YES;
				CLANG_WARN_INT_CONVERSION = YES;
				CLANG_WARN_NON_LITERAL_NULL_CONVERSION = YES;
				CLANG_WARN_OBJC_IMPLICIT_RETAIN_SELF = YES;
				CLANG_WARN_OBJC_LITERAL_CONVERSION = YES;
				CLANG_WARN_OBJC_ROOT_CLASS = YES_ERROR;
				CLANG_WARN_QUOTED_INCLUDE_IN_FRAMEWORK_HEADER = YES;
				CLANG_WARN_RANGE_LOOP_ANALYSIS = YES;
				CLANG_WARN_STRICT_PROTOTYPES = YES;
				CLANG_WARN_SUSPICIOUS_MOVE = YES;
				CLANG_WARN_UNGUARDED_AVAILABILITY = YES_AGGRESSIVE;
				CLANG_WARN_UNREACHABLE_CODE = YES;
				CLANG_WARN__DUPLICATE_METHOD_MATCH = YES;
				COPY_PHASE_STRIP = NO;
				DEBUG_INFORMATION_FORMAT = dwarf;
				ENABLE_STRICT_OBJC_MSGSEND = YES;
				ENABLE_TESTABILITY = YES;
				GCC_C_LANGUAGE_STANDARD = gnu11;
				GCC_DYNAMIC_NO_PIC = NO;
				GCC_NO_COMMON_BLOCKS = YES;
				GCC_OPTIMIZATION_LEVEL = 0;
				GCC_PREPROCESSOR_DEFINITIONS = (
					"DEBUG=1",
					"$(inherited)",
				);
				GCC_WARN_64_TO_32_BIT_CONVERSION = YES;
				GCC_WARN_ABOUT_RETURN_TYPE = YES_ERROR;
				GCC_WARN_UNDECLARED_SELECTOR = YES;
				GCC_WARN_UNINITIALIZED_AUTOS = YES_AGGRESSIVE;
				GCC_WARN_UNUSED_FUNCTION = YES;
				GCC_WARN_UNUSED_VARIABLE = YES;
				IPHONEOS_DEPLOYMENT_TARGET = 14.0;
				MTL_ENABLE_DEBUG_INFO = INCLUDE_SOURCE;
				MTL_FAST_MATH = YES;
				ONLY_ACTIVE_ARCH = YES;
				SDKROOT = iphoneos;
				SWIFT_ACTIVE_COMPILATION_CONDITIONS = DEBUG;
				SWIFT_OPTIMIZATION_LEVEL = "-Onone";
			};
			name = Debug;
		};
		912E91FC250A2E9E0078AACB /* Release */ = {
			isa = XCBuildConfiguration;
			buildSettings = {
				ALWAYS_SEARCH_USER_PATHS = NO;
				CLANG_ANALYZER_LOCALIZABILITY_NONLOCALIZED = YES;
				CLANG_ANALYZER_NONNULL = YES;
				CLANG_ANALYZER_NUMBER_OBJECT_CONVERSION = YES_AGGRESSIVE;
				CLANG_CXX_LANGUAGE_STANDARD = "gnu++14";
				CLANG_CXX_LIBRARY = "libc++";
				CLANG_ENABLE_MODULES = YES;
				CLANG_ENABLE_OBJC_ARC = YES;
				CLANG_ENABLE_OBJC_WEAK = YES;
				CLANG_WARN_BLOCK_CAPTURE_AUTORELEASING = YES;
				CLANG_WARN_BOOL_CONVERSION = YES;
				CLANG_WARN_COMMA = YES;
				CLANG_WARN_CONSTANT_CONVERSION = YES;
				CLANG_WARN_DEPRECATED_OBJC_IMPLEMENTATIONS = YES;
				CLANG_WARN_DIRECT_OBJC_ISA_USAGE = YES_ERROR;
				CLANG_WARN_DOCUMENTATION_COMMENTS = YES;
				CLANG_WARN_EMPTY_BODY = YES;
				CLANG_WARN_ENUM_CONVERSION = YES;
				CLANG_WARN_INFINITE_RECURSION = YES;
				CLANG_WARN_INT_CONVERSION = YES;
				CLANG_WARN_NON_LITERAL_NULL_CONVERSION = YES;
				CLANG_WARN_OBJC_IMPLICIT_RETAIN_SELF = YES;
				CLANG_WARN_OBJC_LITERAL_CONVERSION = YES;
				CLANG_WARN_OBJC_ROOT_CLASS = YES_ERROR;
				CLANG_WARN_QUOTED_INCLUDE_IN_FRAMEWORK_HEADER = YES;
				CLANG_WARN_RANGE_LOOP_ANALYSIS = YES;
				CLANG_WARN_STRICT_PROTOTYPES = YES;
				CLANG_WARN_SUSPICIOUS_MOVE = YES;
				CLANG_WARN_UNGUARDED_AVAILABILITY = YES_AGGRESSIVE;
				CLANG_WARN_UNREACHABLE_CODE = YES;
				CLANG_WARN__DUPLICATE_METHOD_MATCH = YES;
				COPY_PHASE_STRIP = NO;
				DEBUG_INFORMATION_FORMAT = "dwarf-with-dsym";
				ENABLE_NS_ASSERTIONS = NO;
				ENABLE_STRICT_OBJC_MSGSEND = YES;
				GCC_C_LANGUAGE_STANDARD = gnu11;
				GCC_NO_COMMON_BLOCKS = YES;
				GCC_WARN_64_TO_32_BIT_CONVERSION = YES;
				GCC_WARN_ABOUT_RETURN_TYPE = YES_ERROR;
				GCC_WARN_UNDECLARED_SELECTOR = YES;
				GCC_WARN_UNINITIALIZED_AUTOS = YES_AGGRESSIVE;
				GCC_WARN_UNUSED_FUNCTION = YES;
				GCC_WARN_UNUSED_VARIABLE = YES;
				IPHONEOS_DEPLOYMENT_TARGET = 14.0;
				MTL_ENABLE_DEBUG_INFO = NO;
				MTL_FAST_MATH = YES;
				SDKROOT = iphoneos;
				SWIFT_COMPILATION_MODE = wholemodule;
				SWIFT_OPTIMIZATION_LEVEL = "-O";
				VALIDATE_PRODUCT = YES;
			};
			name = Release;
		};
		912E91FE250A2E9E0078AACB /* Debug */ = {
			isa = XCBuildConfiguration;
			baseConfigurationReference = FEBAF6C7CF1B6756F0B673D3 /* Pods-AutosportInfo.debug.xcconfig */;
			buildSettings = {
				ASSETCATALOG_COMPILER_APPICON_NAME = AppIcon;
				CODE_SIGN_IDENTITY = "Apple Development";
				CODE_SIGN_STYLE = Automatic;
				DEVELOPMENT_TEAM = 7JDTGRU72Z;
				INFOPLIST_FILE = AutosportInfo/Info.plist;
				IPHONEOS_DEPLOYMENT_TARGET = 14.0;
				LD_RUNPATH_SEARCH_PATHS = (
					"$(inherited)",
					"@executable_path/Frameworks",
				);
				PRODUCT_BUNDLE_IDENTIFIER = iminfinite.AutosportInfoV2;
				PRODUCT_NAME = "$(TARGET_NAME)";
				PROVISIONING_PROFILE_SPECIFIER = "";
				SWIFT_VERSION = 5.0;
				TARGETED_DEVICE_FAMILY = "1,2";
			};
			name = Debug;
		};
		912E91FF250A2E9E0078AACB /* Release */ = {
			isa = XCBuildConfiguration;
			baseConfigurationReference = E6F85E4C0A66618869C8E75F /* Pods-AutosportInfo.release.xcconfig */;
			buildSettings = {
				ASSETCATALOG_COMPILER_APPICON_NAME = AppIcon;
				CODE_SIGN_IDENTITY = "Apple Development";
				CODE_SIGN_STYLE = Automatic;
				DEVELOPMENT_TEAM = 7JDTGRU72Z;
				INFOPLIST_FILE = AutosportInfo/Info.plist;
				IPHONEOS_DEPLOYMENT_TARGET = 14.0;
				LD_RUNPATH_SEARCH_PATHS = (
					"$(inherited)",
					"@executable_path/Frameworks",
				);
				PRODUCT_BUNDLE_IDENTIFIER = iminfinite.AutosportInfoV2;
				PRODUCT_NAME = "$(TARGET_NAME)";
				PROVISIONING_PROFILE_SPECIFIER = "";
				SWIFT_VERSION = 5.0;
				TARGETED_DEVICE_FAMILY = "1,2";
			};
			name = Release;
		};
/* End XCBuildConfiguration section */

/* Begin XCConfigurationList section */
		912E91DF250A2E9C0078AACB /* Build configuration list for PBXProject "AutosportInfo" */ = {
			isa = XCConfigurationList;
			buildConfigurations = (
				912E91FB250A2E9E0078AACB /* Debug */,
				912E91FC250A2E9E0078AACB /* Release */,
			);
			defaultConfigurationIsVisible = 0;
			defaultConfigurationName = Release;
		};
		912E91FD250A2E9E0078AACB /* Build configuration list for PBXNativeTarget "AutosportInfo" */ = {
			isa = XCConfigurationList;
			buildConfigurations = (
				912E91FE250A2E9E0078AACB /* Debug */,
				912E91FF250A2E9E0078AACB /* Release */,
			);
			defaultConfigurationIsVisible = 0;
			defaultConfigurationName = Release;
		};
/* End XCConfigurationList section */

/* Begin XCVersionGroup section */
		91888450252E22ED00B2CEFA /* DataModel.xcdatamodeld */ = {
			isa = XCVersionGroup;
			children = (
				91888451252E22ED00B2CEFA /* DataModel.xcdatamodel */,
			);
			currentVersion = 91888451252E22ED00B2CEFA /* DataModel.xcdatamodel */;
			path = DataModel.xcdatamodeld;
			sourceTree = "<group>";
			versionGroupType = wrapper.xcdatamodel;
		};
/* End XCVersionGroup section */
	};
	rootObject = 912E91DC250A2E9C0078AACB /* Project object */;
}
