PODS:
  - Alamofire (5.2.2)
  - DateToolsSwift (5.0.0)
  - Moya (14.0.0):
    - Moya/Core (= 14.0.0)
  - Moya/Core (14.0.0):
    - Alamofire (~> 5.0)

DEPENDENCIES:
  - DateToolsSwift
  - Moya

SPEC REPOS:
  trunk:
    - Alamofire
    - DateToolsSwift
    - Moya

SPEC CHECKSUMS:
  Alamofire: 814429acc853c6c54ff123fc3d2ef66803823ce0
  DateToolsSwift: 4207ada6ad615d8dc076323d27037c94916dbfa6
  Moya: 5b45dacb75adb009f97fde91c204c1e565d31916

PODFILE CHECKSUM: 19bc50ddcfb43d3812fe42d7359def84dd94342d

COCOAPODS: 1.10.1
